// !$*UTF8*$!
{
	archiveVersion = 1;
	classes = {
	};
	objectVersion = 56;
	objects = {

/* Begin PBXBuildFile section */
		5C52B6242AD5783000DB3DCA /* 배열만들기2.swift in Sources */ = {isa = PBXBuildFile; fileRef = 5C52B6232AD5783000DB3DCA /* 배열만들기2.swift */; };
		5CB00DAD2AB567C3001078E9 /* main.swift in Sources */ = {isa = PBXBuildFile; fileRef = 5CB00DAC2AB567C3001078E9 /* main.swift */; };
		5CB23FAC2AC92CFA00C357CA /* 수열과 구간 쿼리4.swift in Sources */ = {isa = PBXBuildFile; fileRef = 5CB23FAB2AC92CFA00C357CA /* 수열과 구간 쿼리4.swift */; };
		5CC05DCC2AB8649300E5D431 /* 문자열출력하기.swift in Sources */ = {isa = PBXBuildFile; fileRef = 5CC05DCB2AB8649300E5D431 /* 문자열출력하기.swift */; };
		5CC05DCE2AB864E700E5D431 /* a와b출력하기.swift in Sources */ = {isa = PBXBuildFile; fileRef = 5CC05DCD2AB864E700E5D431 /* a와b출력하기.swift */; };
		5CC05DD02AB8650000E5D431 /* 문자열반복출력.swift in Sources */ = {isa = PBXBuildFile; fileRef = 5CC05DCF2AB8650000E5D431 /* 문자열반복출력.swift */; };
		5CC05DD22AB8651800E5D431 /* 대소문자 변경 출력.swift in Sources */ = {isa = PBXBuildFile; fileRef = 5CC05DD12AB8651800E5D431 /* 대소문자 변경 출력.swift */; };
		5CC05DD42AB8652E00E5D431 /* 특수문자 출력.swift in Sources */ = {isa = PBXBuildFile; fileRef = 5CC05DD32AB8652E00E5D431 /* 특수문자 출력.swift */; };
		5CD6922A2AB9C9F0004794FD /* 덧셉.swift in Sources */ = {isa = PBXBuildFile; fileRef = 5CD692292AB9C9F0004794FD /* 덧셉.swift */; };
		5CD6922C2AB9CA01004794FD /* 문자열붙이기.swift in Sources */ = {isa = PBXBuildFile; fileRef = 5CD6922B2AB9CA01004794FD /* 문자열붙이기.swift */; };
		5CD6922E2AB9CA13004794FD /* 문자열돌리기.swift in Sources */ = {isa = PBXBuildFile; fileRef = 5CD6922D2AB9CA13004794FD /* 문자열돌리기.swift */; };
		5CD692302AB9CA29004794FD /* 홀짝구분.swift in Sources */ = {isa = PBXBuildFile; fileRef = 5CD6922F2AB9CA29004794FD /* 홀짝구분.swift */; };
		5CD692322AB9CA36004794FD /* 문자열겹치기.swift in Sources */ = {isa = PBXBuildFile; fileRef = 5CD692312AB9CA36004794FD /* 문자열겹치기.swift */; };
		5CD692342ABB1205004794FD /* 문자열 섞기.swift in Sources */ = {isa = PBXBuildFile; fileRef = 5CD692332ABB1205004794FD /* 문자열 섞기.swift */; };
		5CD692362ABB1268004794FD /* max값이용.swift in Sources */ = {isa = PBXBuildFile; fileRef = 5CD692352ABB1268004794FD /* max값이용.swift */; };
		5CD6924D2ABC704D004794FD /* n의 배수.swift in Sources */ = {isa = PBXBuildFile; fileRef = 5CD6924C2ABC704D004794FD /* n의 배수.swift */; };
		5CD6924F2ABC706F004794FD /* 공배수.swift in Sources */ = {isa = PBXBuildFile; fileRef = 5CD6924E2ABC706F004794FD /* 공배수.swift */; };
		5CD692512ABC7096004794FD /* 홀짝에 따라 다른 값.swift in Sources */ = {isa = PBXBuildFile; fileRef = 5CD692502ABC7096004794FD /* 홀짝에 따라 다른 값.swift */; };
		5CD692532ABC70B7004794FD /* 조건 문자열.swift in Sources */ = {isa = PBXBuildFile; fileRef = 5CD692522ABC70B7004794FD /* 조건 문자열.swift */; };
		5CD692552ABC70DE004794FD /* flag값.swift in Sources */ = {isa = PBXBuildFile; fileRef = 5CD692542ABC70DE004794FD /* flag값.swift */; };
		5CD692812ABE8180004794FD /* 나머지 구하기.swift in Sources */ = {isa = PBXBuildFile; fileRef = 5CD692802ABE8180004794FD /* 나머지 구하기.swift */; };
		5CD692832ABE819E004794FD /* 최빈값 구하기.swift in Sources */ = {isa = PBXBuildFile; fileRef = 5CD692822ABE819E004794FD /* 최빈값 구하기.swift */; };
		5CD692852ABE81B8004794FD /* 짝수는 싫어요.swift in Sources */ = {isa = PBXBuildFile; fileRef = 5CD692842ABE81B8004794FD /* 짝수는 싫어요.swift */; };
		5CD692892AC1B3C0004794FD /* 코드 처리하기.swift in Sources */ = {isa = PBXBuildFile; fileRef = 5CD692882AC1B3C0004794FD /* 코드 처리하기.swift */; };
		5CD6928B2AC1B3F7004794FD /* 등차수열의 특정한 항만 더하기.swift in Sources */ = {isa = PBXBuildFile; fileRef = 5CD6928A2AC1B3F7004794FD /* 등차수열의 특정한 항만 더하기.swift */; };
		5CD6928D2AC1B428004794FD /* 주사위 게임2.swift in Sources */ = {isa = PBXBuildFile; fileRef = 5CD6928C2AC1B428004794FD /* 주사위 게임2.swift */; };
		5CD6928F2AC1B451004794FD /* 원소들의 곱과 합.swift in Sources */ = {isa = PBXBuildFile; fileRef = 5CD6928E2AC1B451004794FD /* 원소들의 곱과 합.swift */; };
		5CD692912AC1B469004794FD /* 이어 붙인 수.swift in Sources */ = {isa = PBXBuildFile; fileRef = 5CD692902AC1B469004794FD /* 이어 붙인 수.swift */; };
		5CD692972AC46464004794FD /* 마지막 두 원소.swift in Sources */ = {isa = PBXBuildFile; fileRef = 5CD692962AC46464004794FD /* 마지막 두 원소.swift */; };
		5CD692992AC46482004794FD /* 수 조작하기1.swift in Sources */ = {isa = PBXBuildFile; fileRef = 5CD692982AC46482004794FD /* 수 조작하기1.swift */; };
		5CD6929B2AC464B6004794FD /* 수 조작하기2.swift in Sources */ = {isa = PBXBuildFile; fileRef = 5CD6929A2AC464B6004794FD /* 수 조작하기2.swift */; };
		5CD6929D2AC464CF004794FD /* 수열과 구간 쿼리 3.swift in Sources */ = {isa = PBXBuildFile; fileRef = 5CD6929C2AC464CF004794FD /* 수열과 구간 쿼리 3.swift */; };
		5CD6929F2AC464EC004794FD /* 수열과 구간 쿼리 2.swift in Sources */ = {isa = PBXBuildFile; fileRef = 5CD6929E2AC464EC004794FD /* 수열과 구간 쿼리 2.swift */; };
/* End PBXBuildFile section */

/* Begin PBXCopyFilesBuildPhase section */
		5CB00D9A2AB558D0001078E9 /* CopyFiles */ = {
			isa = PBXCopyFilesBuildPhase;
			buildActionMask = 2147483647;
			dstPath = /usr/share/man/man1/;
			dstSubfolderSpec = 0;
			files = (
			);
			runOnlyForDeploymentPostprocessing = 1;
		};
/* End PBXCopyFilesBuildPhase section */

/* Begin PBXFileReference section */
		5C52B6232AD5783000DB3DCA /* 배열만들기2.swift */ = {isa = PBXFileReference; lastKnownFileType = sourcecode.swift; path = "배열만들기2.swift"; sourceTree = "<group>"; };
		5CB00D9C2AB558D0001078E9 /* Algorithm */ = {isa = PBXFileReference; explicitFileType = "compiled.mach-o.executable"; includeInIndex = 0; path = Algorithm; sourceTree = BUILT_PRODUCTS_DIR; };
		5CB00DAC2AB567C3001078E9 /* main.swift */ = {isa = PBXFileReference; lastKnownFileType = sourcecode.swift; path = main.swift; sourceTree = "<group>"; };
		5CB00DAE2AB5695F001078E9 /* 1000.swift */ = {isa = PBXFileReference; lastKnownFileType = sourcecode.swift; path = 1000.swift; sourceTree = "<group>"; };
		5CB23FAB2AC92CFA00C357CA /* 수열과 구간 쿼리4.swift */ = {isa = PBXFileReference; lastKnownFileType = sourcecode.swift; path = "수열과 구간 쿼리4.swift"; sourceTree = "<group>"; };
		5CC05DCB2AB8649300E5D431 /* 문자열출력하기.swift */ = {isa = PBXFileReference; lastKnownFileType = sourcecode.swift; path = "문자열출력하기.swift"; sourceTree = "<group>"; };
		5CC05DCD2AB864E700E5D431 /* a와b출력하기.swift */ = {isa = PBXFileReference; lastKnownFileType = sourcecode.swift; path = "a와b출력하기.swift"; sourceTree = "<group>"; };
		5CC05DCF2AB8650000E5D431 /* 문자열반복출력.swift */ = {isa = PBXFileReference; lastKnownFileType = sourcecode.swift; path = "문자열반복출력.swift"; sourceTree = "<group>"; };
		5CC05DD12AB8651800E5D431 /* 대소문자 변경 출력.swift */ = {isa = PBXFileReference; lastKnownFileType = sourcecode.swift; path = "대소문자 변경 출력.swift"; sourceTree = "<group>"; };
		5CC05DD32AB8652E00E5D431 /* 특수문자 출력.swift */ = {isa = PBXFileReference; lastKnownFileType = sourcecode.swift; path = "특수문자 출력.swift"; sourceTree = "<group>"; };
		5CD692292AB9C9F0004794FD /* 덧셉.swift */ = {isa = PBXFileReference; lastKnownFileType = sourcecode.swift; path = "덧셉.swift"; sourceTree = "<group>"; };
		5CD6922B2AB9CA01004794FD /* 문자열붙이기.swift */ = {isa = PBXFileReference; lastKnownFileType = sourcecode.swift; path = "문자열붙이기.swift"; sourceTree = "<group>"; };
		5CD6922D2AB9CA13004794FD /* 문자열돌리기.swift */ = {isa = PBXFileReference; lastKnownFileType = sourcecode.swift; path = "문자열돌리기.swift"; sourceTree = "<group>"; };
		5CD6922F2AB9CA29004794FD /* 홀짝구분.swift */ = {isa = PBXFileReference; lastKnownFileType = sourcecode.swift; path = "홀짝구분.swift"; sourceTree = "<group>"; };
		5CD692312AB9CA36004794FD /* 문자열겹치기.swift */ = {isa = PBXFileReference; lastKnownFileType = sourcecode.swift; path = "문자열겹치기.swift"; sourceTree = "<group>"; };
		5CD692332ABB1205004794FD /* 문자열 섞기.swift */ = {isa = PBXFileReference; lastKnownFileType = sourcecode.swift; path = "문자열 섞기.swift"; sourceTree = "<group>"; };
		5CD692352ABB1268004794FD /* max값이용.swift */ = {isa = PBXFileReference; lastKnownFileType = sourcecode.swift; path = "max값이용.swift"; sourceTree = "<group>"; };
		5CD6924C2ABC704D004794FD /* n의 배수.swift */ = {isa = PBXFileReference; lastKnownFileType = sourcecode.swift; path = "n의 배수.swift"; sourceTree = "<group>"; };
		5CD6924E2ABC706F004794FD /* 공배수.swift */ = {isa = PBXFileReference; lastKnownFileType = sourcecode.swift; path = "공배수.swift"; sourceTree = "<group>"; };
		5CD692502ABC7096004794FD /* 홀짝에 따라 다른 값.swift */ = {isa = PBXFileReference; lastKnownFileType = sourcecode.swift; path = "홀짝에 따라 다른 값.swift"; sourceTree = "<group>"; };
		5CD692522ABC70B7004794FD /* 조건 문자열.swift */ = {isa = PBXFileReference; lastKnownFileType = sourcecode.swift; path = "조건 문자열.swift"; sourceTree = "<group>"; };
		5CD692542ABC70DE004794FD /* flag값.swift */ = {isa = PBXFileReference; lastKnownFileType = sourcecode.swift; path = "flag값.swift"; sourceTree = "<group>"; };
		5CD692802ABE8180004794FD /* 나머지 구하기.swift */ = {isa = PBXFileReference; lastKnownFileType = sourcecode.swift; path = "나머지 구하기.swift"; sourceTree = "<group>"; };
		5CD692822ABE819E004794FD /* 최빈값 구하기.swift */ = {isa = PBXFileReference; lastKnownFileType = sourcecode.swift; path = "최빈값 구하기.swift"; sourceTree = "<group>"; };
		5CD692842ABE81B8004794FD /* 짝수는 싫어요.swift */ = {isa = PBXFileReference; lastKnownFileType = sourcecode.swift; path = "짝수는 싫어요.swift"; sourceTree = "<group>"; };
		5CD692882AC1B3C0004794FD /* 코드 처리하기.swift */ = {isa = PBXFileReference; lastKnownFileType = sourcecode.swift; path = "코드 처리하기.swift"; sourceTree = "<group>"; };
		5CD6928A2AC1B3F7004794FD /* 등차수열의 특정한 항만 더하기.swift */ = {isa = PBXFileReference; lastKnownFileType = sourcecode.swift; path = "등차수열의 특정한 항만 더하기.swift"; sourceTree = "<group>"; };
		5CD6928C2AC1B428004794FD /* 주사위 게임2.swift */ = {isa = PBXFileReference; lastKnownFileType = sourcecode.swift; path = "주사위 게임2.swift"; sourceTree = "<group>"; };
		5CD6928E2AC1B451004794FD /* 원소들의 곱과 합.swift */ = {isa = PBXFileReference; lastKnownFileType = sourcecode.swift; path = "원소들의 곱과 합.swift"; sourceTree = "<group>"; };
		5CD692902AC1B469004794FD /* 이어 붙인 수.swift */ = {isa = PBXFileReference; lastKnownFileType = sourcecode.swift; path = "이어 붙인 수.swift"; sourceTree = "<group>"; };
		5CD692962AC46464004794FD /* 마지막 두 원소.swift */ = {isa = PBXFileReference; lastKnownFileType = sourcecode.swift; path = "마지막 두 원소.swift"; sourceTree = "<group>"; };
		5CD692982AC46482004794FD /* 수 조작하기1.swift */ = {isa = PBXFileReference; lastKnownFileType = sourcecode.swift; path = "수 조작하기1.swift"; sourceTree = "<group>"; };
		5CD6929A2AC464B6004794FD /* 수 조작하기2.swift */ = {isa = PBXFileReference; lastKnownFileType = sourcecode.swift; path = "수 조작하기2.swift"; sourceTree = "<group>"; };
		5CD6929C2AC464CF004794FD /* 수열과 구간 쿼리 3.swift */ = {isa = PBXFileReference; lastKnownFileType = sourcecode.swift; path = "수열과 구간 쿼리 3.swift"; sourceTree = "<group>"; };
		5CD6929E2AC464EC004794FD /* 수열과 구간 쿼리 2.swift */ = {isa = PBXFileReference; lastKnownFileType = sourcecode.swift; path = "수열과 구간 쿼리 2.swift"; sourceTree = "<group>"; };
/* End PBXFileReference section */

/* Begin PBXFrameworksBuildPhase section */
		5CB00D992AB558D0001078E9 /* Frameworks */ = {
			isa = PBXFrameworksBuildPhase;
			buildActionMask = 2147483647;
			files = (
			);
			runOnlyForDeploymentPostprocessing = 0;
		};
/* End PBXFrameworksBuildPhase section */

/* Begin PBXGroup section */
		5CB00D932AB558D0001078E9 = {
			isa = PBXGroup;
			children = (
				5CB00D9E2AB558D0001078E9 /* Algorithm */,
				5CB00D9D2AB558D0001078E9 /* Products */,
			);
			sourceTree = "<group>";
		};
		5CB00D9D2AB558D0001078E9 /* Products */ = {
			isa = PBXGroup;
			children = (
				5CB00D9C2AB558D0001078E9 /* Algorithm */,
			);
			name = Products;
			sourceTree = "<group>";
		};
		5CB00D9E2AB558D0001078E9 /* Algorithm */ = {
			isa = PBXGroup;
			children = (
				5CB00DA82AB561B0001078E9 /* Programmers */,
				5CB00DA62AB56164001078E9 /* Baekjoon */,
			);
			path = Algorithm;
			sourceTree = "<group>";
		};
		5CB00DA62AB56164001078E9 /* Baekjoon */ = {
			isa = PBXGroup;
			children = (
				5CB00DAC2AB567C3001078E9 /* main.swift */,
				5CB00DAE2AB5695F001078E9 /* 1000.swift */,
			);
			name = Baekjoon;
			sourceTree = "<group>";
		};
		5CB00DA82AB561B0001078E9 /* Programmers */ = {
			isa = PBXGroup;
			children = (
				5CC05DCB2AB8649300E5D431 /* 문자열출력하기.swift */,
				5CD692822ABE819E004794FD /* 최빈값 구하기.swift */,
				5CC05DCD2AB864E700E5D431 /* a와b출력하기.swift */,
				5CC05DCF2AB8650000E5D431 /* 문자열반복출력.swift */,
				5CC05DD12AB8651800E5D431 /* 대소문자 변경 출력.swift */,
				5CC05DD32AB8652E00E5D431 /* 특수문자 출력.swift */,
				5CD692292AB9C9F0004794FD /* 덧셉.swift */,
				5CD6922B2AB9CA01004794FD /* 문자열붙이기.swift */,
				5CD6922D2AB9CA13004794FD /* 문자열돌리기.swift */,
				5CD6922F2AB9CA29004794FD /* 홀짝구분.swift */,
				5CD692312AB9CA36004794FD /* 문자열겹치기.swift */,
				5CD692352ABB1268004794FD /* max값이용.swift */,
				5CD692332ABB1205004794FD /* 문자열 섞기.swift */,
				5CD6924C2ABC704D004794FD /* n의 배수.swift */,
				5CD6924E2ABC706F004794FD /* 공배수.swift */,
				5CD692502ABC7096004794FD /* 홀짝에 따라 다른 값.swift */,
				5CD692522ABC70B7004794FD /* 조건 문자열.swift */,
				5CD692542ABC70DE004794FD /* flag값.swift */,
				5CD692802ABE8180004794FD /* 나머지 구하기.swift */,
				5CD692842ABE81B8004794FD /* 짝수는 싫어요.swift */,
				5CD692882AC1B3C0004794FD /* 코드 처리하기.swift */,
				5CD6928A2AC1B3F7004794FD /* 등차수열의 특정한 항만 더하기.swift */,
				5CD6928C2AC1B428004794FD /* 주사위 게임2.swift */,
				5CD6928E2AC1B451004794FD /* 원소들의 곱과 합.swift */,
				5CD692902AC1B469004794FD /* 이어 붙인 수.swift */,
				5CD692962AC46464004794FD /* 마지막 두 원소.swift */,
				5CD692982AC46482004794FD /* 수 조작하기1.swift */,
				5CD6929A2AC464B6004794FD /* 수 조작하기2.swift */,
				5CD6929C2AC464CF004794FD /* 수열과 구간 쿼리 3.swift */,
				5CD6929E2AC464EC004794FD /* 수열과 구간 쿼리 2.swift */,
				5CB23FAB2AC92CFA00C357CA /* 수열과 구간 쿼리4.swift */,
				5C52B6232AD5783000DB3DCA /* 배열만들기2.swift */,
			);
			path = Programmers;
			sourceTree = "<group>";
		};
/* End PBXGroup section */

/* Begin PBXNativeTarget section */
		5CB00D9B2AB558D0001078E9 /* Algorithm */ = {
			isa = PBXNativeTarget;
			buildConfigurationList = 5CB00DA32AB558D0001078E9 /* Build configuration list for PBXNativeTarget "Algorithm" */;
			buildPhases = (
				5CB00D982AB558D0001078E9 /* Sources */,
				5CB00D992AB558D0001078E9 /* Frameworks */,
				5CB00D9A2AB558D0001078E9 /* CopyFiles */,
			);
			buildRules = (
			);
			dependencies = (
			);
			name = Algorithm;
			productName = Algorithm;
			productReference = 5CB00D9C2AB558D0001078E9 /* Algorithm */;
			productType = "com.apple.product-type.tool";
		};
/* End PBXNativeTarget section */

/* Begin PBXProject section */
		5CB00D942AB558D0001078E9 /* Project object */ = {
			isa = PBXProject;
			attributes = {
				BuildIndependentTargetsInParallel = 1;
				LastSwiftUpdateCheck = 1430;
				LastUpgradeCheck = 1430;
				TargetAttributes = {
					5CB00D9B2AB558D0001078E9 = {
						CreatedOnToolsVersion = 14.3.1;
					};
				};
			};
			buildConfigurationList = 5CB00D972AB558D0001078E9 /* Build configuration list for PBXProject "Algorithm" */;
			compatibilityVersion = "Xcode 14.0";
			developmentRegion = en;
			hasScannedForEncodings = 0;
			knownRegions = (
				en,
				Base,
			);
			mainGroup = 5CB00D932AB558D0001078E9;
			productRefGroup = 5CB00D9D2AB558D0001078E9 /* Products */;
			projectDirPath = "";
			projectRoot = "";
			targets = (
				5CB00D9B2AB558D0001078E9 /* Algorithm */,
			);
		};
/* End PBXProject section */

/* Begin PBXSourcesBuildPhase section */
		5CB00D982AB558D0001078E9 /* Sources */ = {
			isa = PBXSourcesBuildPhase;
			buildActionMask = 2147483647;
			files = (
				5CD692302AB9CA29004794FD /* 홀짝구분.swift in Sources */,
				5CD692812ABE8180004794FD /* 나머지 구하기.swift in Sources */,
				5CD692362ABB1268004794FD /* max값이용.swift in Sources */,
				5C52B6242AD5783000DB3DCA /* 배열만들기2.swift in Sources */,
				5CD692892AC1B3C0004794FD /* 코드 처리하기.swift in Sources */,
				5CC05DD02AB8650000E5D431 /* 문자열반복출력.swift in Sources */,
				5CD6928D2AC1B428004794FD /* 주사위 게임2.swift in Sources */,
				5CD692322AB9CA36004794FD /* 문자열겹치기.swift in Sources */,
				5CD692832ABE819E004794FD /* 최빈값 구하기.swift in Sources */,
				5CD6928B2AC1B3F7004794FD /* 등차수열의 특정한 항만 더하기.swift in Sources */,
				5CD6929B2AC464B6004794FD /* 수 조작하기2.swift in Sources */,
				5CD6929D2AC464CF004794FD /* 수열과 구간 쿼리 3.swift in Sources */,
				5CC05DD42AB8652E00E5D431 /* 특수문자 출력.swift in Sources */,
				5CD692532ABC70B7004794FD /* 조건 문자열.swift in Sources */,
				5CD692512ABC7096004794FD /* 홀짝에 따라 다른 값.swift in Sources */,
				5CD692972AC46464004794FD /* 마지막 두 원소.swift in Sources */,
				5CC05DD22AB8651800E5D431 /* 대소문자 변경 출력.swift in Sources */,
				5CD6928F2AC1B451004794FD /* 원소들의 곱과 합.swift in Sources */,
				5CD692912AC1B469004794FD /* 이어 붙인 수.swift in Sources */,
				5CD6929F2AC464EC004794FD /* 수열과 구간 쿼리 2.swift in Sources */,
				5CC05DCC2AB8649300E5D431 /* 문자열출력하기.swift in Sources */,
				5CD692852ABE81B8004794FD /* 짝수는 싫어요.swift in Sources */,
				5CC05DCE2AB864E700E5D431 /* a와b출력하기.swift in Sources */,
				5CD6924D2ABC704D004794FD /* n의 배수.swift in Sources */,
				5CD692992AC46482004794FD /* 수 조작하기1.swift in Sources */,
				5CD6924F2ABC706F004794FD /* 공배수.swift in Sources */,
				5CD692552ABC70DE004794FD /* flag값.swift in Sources */,
				5CD6922E2AB9CA13004794FD /* 문자열돌리기.swift in Sources */,
				5CD692342ABB1205004794FD /* 문자열 섞기.swift in Sources */,
				5CB23FAC2AC92CFA00C357CA /* 수열과 구간 쿼리4.swift in Sources */,
				5CD6922A2AB9C9F0004794FD /* 덧셉.swift in Sources */,
				5CB00DAD2AB567C3001078E9 /* main.swift in Sources */,
				5CD6922C2AB9CA01004794FD /* 문자열붙이기.swift in Sources */,
			);
			runOnlyForDeploymentPostprocessing = 0;
		};
/* End PBXSourcesBuildPhase section */

/* Begin XCBuildConfiguration section */
		5CB00DA12AB558D0001078E9 /* Debug */ = {
			isa = XCBuildConfiguration;
			buildSettings = {
				ALWAYS_SEARCH_USER_PATHS = NO;
				CLANG_ANALYZER_NONNULL = YES;
				CLANG_ANALYZER_NUMBER_OBJECT_CONVERSION = YES_AGGRESSIVE;
				CLANG_CXX_LANGUAGE_STANDARD = "gnu++20";
				CLANG_ENABLE_MODULES = YES;
				CLANG_ENABLE_OBJC_ARC = YES;
				CLANG_ENABLE_OBJC_WEAK = YES;
				CLANG_WARN_BLOCK_CAPTURE_AUTORELEASING = YES;
				CLANG_WARN_BOOL_CONVERSION = YES;
				CLANG_WARN_COMMA = YES;
				CLANG_WARN_CONSTANT_CONVERSION = YES;
				CLANG_WARN_DEPRECATED_OBJC_IMPLEMENTATIONS = YES;
				CLANG_WARN_DIRECT_OBJC_ISA_USAGE = YES_ERROR;
				CLANG_WARN_DOCUMENTATION_COMMENTS = YES;
				CLANG_WARN_EMPTY_BODY = YES;
				CLANG_WARN_ENUM_CONVERSION = YES;
				CLANG_WARN_INFINITE_RECURSION = YES;
				CLANG_WARN_INT_CONVERSION = YES;
				CLANG_WARN_NON_LITERAL_NULL_CONVERSION = YES;
				CLANG_WARN_OBJC_IMPLICIT_RETAIN_SELF = YES;
				CLANG_WARN_OBJC_LITERAL_CONVERSION = YES;
				CLANG_WARN_OBJC_ROOT_CLASS = YES_ERROR;
				CLANG_WARN_QUOTED_INCLUDE_IN_FRAMEWORK_HEADER = YES;
				CLANG_WARN_RANGE_LOOP_ANALYSIS = YES;
				CLANG_WARN_STRICT_PROTOTYPES = YES;
				CLANG_WARN_SUSPICIOUS_MOVE = YES;
				CLANG_WARN_UNGUARDED_AVAILABILITY = YES_AGGRESSIVE;
				CLANG_WARN_UNREACHABLE_CODE = YES;
				CLANG_WARN__DUPLICATE_METHOD_MATCH = YES;
				COPY_PHASE_STRIP = NO;
				DEBUG_INFORMATION_FORMAT = dwarf;
				ENABLE_STRICT_OBJC_MSGSEND = YES;
				ENABLE_TESTABILITY = YES;
				GCC_C_LANGUAGE_STANDARD = gnu11;
				GCC_DYNAMIC_NO_PIC = NO;
				GCC_NO_COMMON_BLOCKS = YES;
				GCC_OPTIMIZATION_LEVEL = 0;
				GCC_PREPROCESSOR_DEFINITIONS = (
					"DEBUG=1",
					"$(inherited)",
				);
				GCC_WARN_64_TO_32_BIT_CONVERSION = YES;
				GCC_WARN_ABOUT_RETURN_TYPE = YES_ERROR;
				GCC_WARN_UNDECLARED_SELECTOR = YES;
				GCC_WARN_UNINITIALIZED_AUTOS = YES_AGGRESSIVE;
				GCC_WARN_UNUSED_FUNCTION = YES;
				GCC_WARN_UNUSED_VARIABLE = YES;
				MACOSX_DEPLOYMENT_TARGET = 13.3;
				MTL_ENABLE_DEBUG_INFO = INCLUDE_SOURCE;
				MTL_FAST_MATH = YES;
				ONLY_ACTIVE_ARCH = YES;
				SDKROOT = macosx;
				SWIFT_ACTIVE_COMPILATION_CONDITIONS = DEBUG;
				SWIFT_OPTIMIZATION_LEVEL = "-Onone";
			};
			name = Debug;
		};
		5CB00DA22AB558D0001078E9 /* Release */ = {
			isa = XCBuildConfiguration;
			buildSettings = {
				ALWAYS_SEARCH_USER_PATHS = NO;
				CLANG_ANALYZER_NONNULL = YES;
				CLANG_ANALYZER_NUMBER_OBJECT_CONVERSION = YES_AGGRESSIVE;
				CLANG_CXX_LANGUAGE_STANDARD = "gnu++20";
				CLANG_ENABLE_MODULES = YES;
				CLANG_ENABLE_OBJC_ARC = YES;
				CLANG_ENABLE_OBJC_WEAK = YES;
				CLANG_WARN_BLOCK_CAPTURE_AUTORELEASING = YES;
				CLANG_WARN_BOOL_CONVERSION = YES;
				CLANG_WARN_COMMA = YES;
				CLANG_WARN_CONSTANT_CONVERSION = YES;
				CLANG_WARN_DEPRECATED_OBJC_IMPLEMENTATIONS = YES;
				CLANG_WARN_DIRECT_OBJC_ISA_USAGE = YES_ERROR;
				CLANG_WARN_DOCUMENTATION_COMMENTS = YES;
				CLANG_WARN_EMPTY_BODY = YES;
				CLANG_WARN_ENUM_CONVERSION = YES;
				CLANG_WARN_INFINITE_RECURSION = YES;
				CLANG_WARN_INT_CONVERSION = YES;
				CLANG_WARN_NON_LITERAL_NULL_CONVERSION = YES;
				CLANG_WARN_OBJC_IMPLICIT_RETAIN_SELF = YES;
				CLANG_WARN_OBJC_LITERAL_CONVERSION = YES;
				CLANG_WARN_OBJC_ROOT_CLASS = YES_ERROR;
				CLANG_WARN_QUOTED_INCLUDE_IN_FRAMEWORK_HEADER = YES;
				CLANG_WARN_RANGE_LOOP_ANALYSIS = YES;
				CLANG_WARN_STRICT_PROTOTYPES = YES;
				CLANG_WARN_SUSPICIOUS_MOVE = YES;
				CLANG_WARN_UNGUARDED_AVAILABILITY = YES_AGGRESSIVE;
				CLANG_WARN_UNREACHABLE_CODE = YES;
				CLANG_WARN__DUPLICATE_METHOD_MATCH = YES;
				COPY_PHASE_STRIP = NO;
				DEBUG_INFORMATION_FORMAT = "dwarf-with-dsym";
				ENABLE_NS_ASSERTIONS = NO;
				ENABLE_STRICT_OBJC_MSGSEND = YES;
				GCC_C_LANGUAGE_STANDARD = gnu11;
				GCC_NO_COMMON_BLOCKS = YES;
				GCC_WARN_64_TO_32_BIT_CONVERSION = YES;
				GCC_WARN_ABOUT_RETURN_TYPE = YES_ERROR;
				GCC_WARN_UNDECLARED_SELECTOR = YES;
				GCC_WARN_UNINITIALIZED_AUTOS = YES_AGGRESSIVE;
				GCC_WARN_UNUSED_FUNCTION = YES;
				GCC_WARN_UNUSED_VARIABLE = YES;
				MACOSX_DEPLOYMENT_TARGET = 13.3;
				MTL_ENABLE_DEBUG_INFO = NO;
				MTL_FAST_MATH = YES;
				SDKROOT = macosx;
				SWIFT_COMPILATION_MODE = wholemodule;
				SWIFT_OPTIMIZATION_LEVEL = "-O";
			};
			name = Release;
		};
		5CB00DA42AB558D0001078E9 /* Debug */ = {
			isa = XCBuildConfiguration;
			buildSettings = {
				CODE_SIGN_STYLE = Automatic;
				PRODUCT_NAME = "$(TARGET_NAME)";
				SWIFT_VERSION = 5.0;
			};
			name = Debug;
		};
		5CB00DA52AB558D0001078E9 /* Release */ = {
			isa = XCBuildConfiguration;
			buildSettings = {
				CODE_SIGN_STYLE = Automatic;
				PRODUCT_NAME = "$(TARGET_NAME)";
				SWIFT_VERSION = 5.0;
			};
			name = Release;
		};
/* End XCBuildConfiguration section */

/* Begin XCConfigurationList section */
		5CB00D972AB558D0001078E9 /* Build configuration list for PBXProject "Algorithm" */ = {
			isa = XCConfigurationList;
			buildConfigurations = (
				5CB00DA12AB558D0001078E9 /* Debug */,
				5CB00DA22AB558D0001078E9 /* Release */,
			);
			defaultConfigurationIsVisible = 0;
			defaultConfigurationName = Release;
		};
		5CB00DA32AB558D0001078E9 /* Build configuration list for PBXNativeTarget "Algorithm" */ = {
			isa = XCConfigurationList;
			buildConfigurations = (
				5CB00DA42AB558D0001078E9 /* Debug */,
				5CB00DA52AB558D0001078E9 /* Release */,
			);
			defaultConfigurationIsVisible = 0;
			defaultConfigurationName = Release;
		};
/* End XCConfigurationList section */
	};
	rootObject = 5CB00D942AB558D0001078E9 /* Project object */;
}
